// !$*UTF8*$!
{
	archiveVersion = 1;
	classes = {
	};
	objectVersion = 50;
	objects = {

/* Begin PBXBuildFile section */
		10C7177D262395E7005A5A5B /* AppDelegate.swift in Sources */ = {isa = PBXBuildFile; fileRef = 10C7177C262395E7005A5A5B /* AppDelegate.swift */; };
		10C7177F262395E7005A5A5B /* SceneDelegate.swift in Sources */ = {isa = PBXBuildFile; fileRef = 10C7177E262395E7005A5A5B /* SceneDelegate.swift */; };
		10C71781262395E7005A5A5B /* ContentView.swift in Sources */ = {isa = PBXBuildFile; fileRef = 10C71780262395E7005A5A5B /* ContentView.swift */; };
		10C71783262395E8005A5A5B /* Assets.xcassets in Resources */ = {isa = PBXBuildFile; fileRef = 10C71782262395E8005A5A5B /* Assets.xcassets */; };
		10C71786262395E8005A5A5B /* Preview Assets.xcassets in Resources */ = {isa = PBXBuildFile; fileRef = 10C71785262395E8005A5A5B /* Preview Assets.xcassets */; };
		10C71789262395E8005A5A5B /* LaunchScreen.storyboard in Resources */ = {isa = PBXBuildFile; fileRef = 10C71787262395E8005A5A5B /* LaunchScreen.storyboard */; };
		10C71794262395E8005A5A5B /* virtually_safeTests.swift in Sources */ = {isa = PBXBuildFile; fileRef = 10C71793262395E8005A5A5B /* virtually_safeTests.swift */; };
		10C7179F262395E8005A5A5B /* virtually_safeUITests.swift in Sources */ = {isa = PBXBuildFile; fileRef = 10C7179E262395E8005A5A5B /* virtually_safeUITests.swift */; };
		1EBB59215129388E078FA9AD /* Pods_virtually_safeTests.framework in Frameworks */ = {isa = PBXBuildFile; fileRef = 52547F46B3E797A2B56781EE /* Pods_virtually_safeTests.framework */; };
		32CFB167997DB55BC75CF2A6 /* Pods_virtually_safe.framework in Frameworks */ = {isa = PBXBuildFile; fileRef = 3A7BB23A5C99A257A678681D /* Pods_virtually_safe.framework */; };
		64D1355B31D49A3A46D37A1E /* Pods_virtually_safe_virtually_safeUITests.framework in Frameworks */ = {isa = PBXBuildFile; fileRef = 463EEF6EEBA0C8C6A09CDAE0 /* Pods_virtually_safe_virtually_safeUITests.framework */; };
/* End PBXBuildFile section */

/* Begin PBXContainerItemProxy section */
		10C71790262395E8005A5A5B /* PBXContainerItemProxy */ = {
			isa = PBXContainerItemProxy;
			containerPortal = 10C71771262395E7005A5A5B /* Project object */;
			proxyType = 1;
			remoteGlobalIDString = 10C71778262395E7005A5A5B;
			remoteInfo = virtually_safe;
		};
		10C7179B262395E8005A5A5B /* PBXContainerItemProxy */ = {
			isa = PBXContainerItemProxy;
			containerPortal = 10C71771262395E7005A5A5B /* Project object */;
			proxyType = 1;
			remoteGlobalIDString = 10C71778262395E7005A5A5B;
			remoteInfo = virtually_safe;
		};
/* End PBXContainerItemProxy section */

/* Begin PBXFileReference section */
		10C71779262395E7005A5A5B /* virtually_safe.app */ = {isa = PBXFileReference; explicitFileType = wrapper.application; includeInIndex = 0; path = virtually_safe.app; sourceTree = BUILT_PRODUCTS_DIR; };
		10C7177C262395E7005A5A5B /* AppDelegate.swift */ = {isa = PBXFileReference; lastKnownFileType = sourcecode.swift; path = AppDelegate.swift; sourceTree = "<group>"; };
		10C7177E262395E7005A5A5B /* SceneDelegate.swift */ = {isa = PBXFileReference; lastKnownFileType = sourcecode.swift; path = SceneDelegate.swift; sourceTree = "<group>"; };
		10C71780262395E7005A5A5B /* ContentView.swift */ = {isa = PBXFileReference; lastKnownFileType = sourcecode.swift; path = ContentView.swift; sourceTree = "<group>"; };
		10C71782262395E8005A5A5B /* Assets.xcassets */ = {isa = PBXFileReference; lastKnownFileType = folder.assetcatalog; path = Assets.xcassets; sourceTree = "<group>"; };
		10C71785262395E8005A5A5B /* Preview Assets.xcassets */ = {isa = PBXFileReference; lastKnownFileType = folder.assetcatalog; path = "Preview Assets.xcassets"; sourceTree = "<group>"; };
		10C71788262395E8005A5A5B /* Base */ = {isa = PBXFileReference; lastKnownFileType = file.storyboard; name = Base; path = Base.lproj/LaunchScreen.storyboard; sourceTree = "<group>"; };
		10C7178A262395E8005A5A5B /* Info.plist */ = {isa = PBXFileReference; lastKnownFileType = text.plist.xml; path = Info.plist; sourceTree = "<group>"; };
		10C7178F262395E8005A5A5B /* virtually_safeTests.xctest */ = {isa = PBXFileReference; explicitFileType = wrapper.cfbundle; includeInIndex = 0; path = virtually_safeTests.xctest; sourceTree = BUILT_PRODUCTS_DIR; };
		10C71793262395E8005A5A5B /* virtually_safeTests.swift */ = {isa = PBXFileReference; lastKnownFileType = sourcecode.swift; path = virtually_safeTests.swift; sourceTree = "<group>"; };
		10C71795262395E8005A5A5B /* Info.plist */ = {isa = PBXFileReference; lastKnownFileType = text.plist.xml; path = Info.plist; sourceTree = "<group>"; };
		10C7179A262395E8005A5A5B /* virtually_safeUITests.xctest */ = {isa = PBXFileReference; explicitFileType = wrapper.cfbundle; includeInIndex = 0; path = virtually_safeUITests.xctest; sourceTree = BUILT_PRODUCTS_DIR; };
		10C7179E262395E8005A5A5B /* virtually_safeUITests.swift */ = {isa = PBXFileReference; lastKnownFileType = sourcecode.swift; path = virtually_safeUITests.swift; sourceTree = "<group>"; };
		10C717A0262395E8005A5A5B /* Info.plist */ = {isa = PBXFileReference; lastKnownFileType = text.plist.xml; path = Info.plist; sourceTree = "<group>"; };
		20428B7A012BF48038A6D2C0 /* Pods-virtually_safeTests.release.xcconfig */ = {isa = PBXFileReference; includeInIndex = 1; lastKnownFileType = text.xcconfig; name = "Pods-virtually_safeTests.release.xcconfig"; path = "Target Support Files/Pods-virtually_safeTests/Pods-virtually_safeTests.release.xcconfig"; sourceTree = "<group>"; };
		3A7BB23A5C99A257A678681D /* Pods_virtually_safe.framework */ = {isa = PBXFileReference; explicitFileType = wrapper.framework; includeInIndex = 0; path = Pods_virtually_safe.framework; sourceTree = BUILT_PRODUCTS_DIR; };
		463EEF6EEBA0C8C6A09CDAE0 /* Pods_virtually_safe_virtually_safeUITests.framework */ = {isa = PBXFileReference; explicitFileType = wrapper.framework; includeInIndex = 0; path = Pods_virtually_safe_virtually_safeUITests.framework; sourceTree = BUILT_PRODUCTS_DIR; };
		52547F46B3E797A2B56781EE /* Pods_virtually_safeTests.framework */ = {isa = PBXFileReference; explicitFileType = wrapper.framework; includeInIndex = 0; path = Pods_virtually_safeTests.framework; sourceTree = BUILT_PRODUCTS_DIR; };
		570B1F8FD8B988F513503183 /* Pods-virtually_safe.release.xcconfig */ = {isa = PBXFileReference; includeInIndex = 1; lastKnownFileType = text.xcconfig; name = "Pods-virtually_safe.release.xcconfig"; path = "Target Support Files/Pods-virtually_safe/Pods-virtually_safe.release.xcconfig"; sourceTree = "<group>"; };
		69781214AD298095D4027CC0 /* Pods-virtually_safe-virtually_safeUITests.debug.xcconfig */ = {isa = PBXFileReference; includeInIndex = 1; lastKnownFileType = text.xcconfig; name = "Pods-virtually_safe-virtually_safeUITests.debug.xcconfig"; path = "Target Support Files/Pods-virtually_safe-virtually_safeUITests/Pods-virtually_safe-virtually_safeUITests.debug.xcconfig"; sourceTree = "<group>"; };
		7858BF816DEEA6A4FA50AB12 /* Pods-virtually_safeTests.debug.xcconfig */ = {isa = PBXFileReference; includeInIndex = 1; lastKnownFileType = text.xcconfig; name = "Pods-virtually_safeTests.debug.xcconfig"; path = "Target Support Files/Pods-virtually_safeTests/Pods-virtually_safeTests.debug.xcconfig"; sourceTree = "<group>"; };
		ADEE92F08D32D8D578043133 /* Pods-virtually_safe-virtually_safeUITests.release.xcconfig */ = {isa = PBXFileReference; includeInIndex = 1; lastKnownFileType = text.xcconfig; name = "Pods-virtually_safe-virtually_safeUITests.release.xcconfig"; path = "Target Support Files/Pods-virtually_safe-virtually_safeUITests/Pods-virtually_safe-virtually_safeUITests.release.xcconfig"; sourceTree = "<group>"; };
		F146DE2BE8D69B5BABC313BB /* Pods-virtually_safe.debug.xcconfig */ = {isa = PBXFileReference; includeInIndex = 1; lastKnownFileType = text.xcconfig; name = "Pods-virtually_safe.debug.xcconfig"; path = "Target Support Files/Pods-virtually_safe/Pods-virtually_safe.debug.xcconfig"; sourceTree = "<group>"; };
/* End PBXFileReference section */

/* Begin PBXFrameworksBuildPhase section */
		10C71776262395E7005A5A5B /* Frameworks */ = {
			isa = PBXFrameworksBuildPhase;
			buildActionMask = 2147483647;
			files = (
				32CFB167997DB55BC75CF2A6 /* Pods_virtually_safe.framework in Frameworks */,
			);
			runOnlyForDeploymentPostprocessing = 0;
		};
		10C7178C262395E8005A5A5B /* Frameworks */ = {
			isa = PBXFrameworksBuildPhase;
			buildActionMask = 2147483647;
			files = (
				1EBB59215129388E078FA9AD /* Pods_virtually_safeTests.framework in Frameworks */,
			);
			runOnlyForDeploymentPostprocessing = 0;
		};
		10C71797262395E8005A5A5B /* Frameworks */ = {
			isa = PBXFrameworksBuildPhase;
			buildActionMask = 2147483647;
			files = (
				64D1355B31D49A3A46D37A1E /* Pods_virtually_safe_virtually_safeUITests.framework in Frameworks */,
			);
			runOnlyForDeploymentPostprocessing = 0;
		};
/* End PBXFrameworksBuildPhase section */

/* Begin PBXGroup section */
		10C71770262395E7005A5A5B = {
			isa = PBXGroup;
			children = (
				10C7177B262395E7005A5A5B /* virtually_safe */,
				10C71792262395E8005A5A5B /* virtually_safeTests */,
				10C7179D262395E8005A5A5B /* virtually_safeUITests */,
				10C7177A262395E7005A5A5B /* Products */,
				BF807D1E29547737BE29F6D7 /* Pods */,
				C44989FD8701FE74D828E0A3 /* Frameworks */,
			);
			sourceTree = "<group>";
		};
		10C7177A262395E7005A5A5B /* Products */ = {
			isa = PBXGroup;
			children = (
				10C71779262395E7005A5A5B /* virtually_safe.app */,
				10C7178F262395E8005A5A5B /* virtually_safeTests.xctest */,
				10C7179A262395E8005A5A5B /* virtually_safeUITests.xctest */,
			);
			name = Products;
			sourceTree = "<group>";
		};
		10C7177B262395E7005A5A5B /* virtually_safe */ = {
			isa = PBXGroup;
			children = (
				10C7177C262395E7005A5A5B /* AppDelegate.swift */,
				10C7177E262395E7005A5A5B /* SceneDelegate.swift */,
				10C71780262395E7005A5A5B /* ContentView.swift */,
				10C71782262395E8005A5A5B /* Assets.xcassets */,
				10C71787262395E8005A5A5B /* LaunchScreen.storyboard */,
				10C7178A262395E8005A5A5B /* Info.plist */,
				10C71784262395E8005A5A5B /* Preview Content */,
			);
			path = virtually_safe;
			sourceTree = "<group>";
		};
		10C71784262395E8005A5A5B /* Preview Content */ = {
			isa = PBXGroup;
			children = (
				10C71785262395E8005A5A5B /* Preview Assets.xcassets */,
			);
			path = "Preview Content";
			sourceTree = "<group>";
		};
		10C71792262395E8005A5A5B /* virtually_safeTests */ = {
			isa = PBXGroup;
			children = (
				10C71793262395E8005A5A5B /* virtually_safeTests.swift */,
				10C71795262395E8005A5A5B /* Info.plist */,
			);
			path = virtually_safeTests;
			sourceTree = "<group>";
		};
		10C7179D262395E8005A5A5B /* virtually_safeUITests */ = {
			isa = PBXGroup;
			children = (
				10C7179E262395E8005A5A5B /* virtually_safeUITests.swift */,
				10C717A0262395E8005A5A5B /* Info.plist */,
			);
			path = virtually_safeUITests;
			sourceTree = "<group>";
		};
		BF807D1E29547737BE29F6D7 /* Pods */ = {
			isa = PBXGroup;
			children = (
				F146DE2BE8D69B5BABC313BB /* Pods-virtually_safe.debug.xcconfig */,
				570B1F8FD8B988F513503183 /* Pods-virtually_safe.release.xcconfig */,
				69781214AD298095D4027CC0 /* Pods-virtually_safe-virtually_safeUITests.debug.xcconfig */,
				ADEE92F08D32D8D578043133 /* Pods-virtually_safe-virtually_safeUITests.release.xcconfig */,
				7858BF816DEEA6A4FA50AB12 /* Pods-virtually_safeTests.debug.xcconfig */,
				20428B7A012BF48038A6D2C0 /* Pods-virtually_safeTests.release.xcconfig */,
			);
			name = Pods;
			path = Pods;
			sourceTree = "<group>";
		};
		C44989FD8701FE74D828E0A3 /* Frameworks */ = {
			isa = PBXGroup;
			children = (
				3A7BB23A5C99A257A678681D /* Pods_virtually_safe.framework */,
				463EEF6EEBA0C8C6A09CDAE0 /* Pods_virtually_safe_virtually_safeUITests.framework */,
				52547F46B3E797A2B56781EE /* Pods_virtually_safeTests.framework */,
			);
			name = Frameworks;
			sourceTree = "<group>";
		};
/* End PBXGroup section */

/* Begin PBXNativeTarget section */
		10C71778262395E7005A5A5B /* virtually_safe */ = {
			isa = PBXNativeTarget;
			buildConfigurationList = 10C717A3262395E8005A5A5B /* Build configuration list for PBXNativeTarget "virtually_safe" */;
			buildPhases = (
				53C2011D5B2CFDE687FDA3C0 /* [CP] Check Pods Manifest.lock */,
				10C71775262395E7005A5A5B /* Sources */,
				10C71776262395E7005A5A5B /* Frameworks */,
				10C71777262395E7005A5A5B /* Resources */,
				0CD1D14F1CA1D7AEEDF0E442 /* [CP] Embed Pods Frameworks */,
			);
			buildRules = (
			);
			dependencies = (
			);
			name = virtually_safe;
			productName = virtually_safe;
			productReference = 10C71779262395E7005A5A5B /* virtually_safe.app */;
			productType = "com.apple.product-type.application";
		};
		10C7178E262395E8005A5A5B /* virtually_safeTests */ = {
			isa = PBXNativeTarget;
			buildConfigurationList = 10C717A6262395E8005A5A5B /* Build configuration list for PBXNativeTarget "virtually_safeTests" */;
			buildPhases = (
				B0755D7B8151B3AE4EDD34E4 /* [CP] Check Pods Manifest.lock */,
				10C7178B262395E8005A5A5B /* Sources */,
				10C7178C262395E8005A5A5B /* Frameworks */,
				10C7178D262395E8005A5A5B /* Resources */,
			);
			buildRules = (
			);
			dependencies = (
				10C71791262395E8005A5A5B /* PBXTargetDependency */,
			);
			name = virtually_safeTests;
			productName = virtually_safeTests;
			productReference = 10C7178F262395E8005A5A5B /* virtually_safeTests.xctest */;
			productType = "com.apple.product-type.bundle.unit-test";
		};
		10C71799262395E8005A5A5B /* virtually_safeUITests */ = {
			isa = PBXNativeTarget;
			buildConfigurationList = 10C717A9262395E8005A5A5B /* Build configuration list for PBXNativeTarget "virtually_safeUITests" */;
			buildPhases = (
				F26F88223A60A1F30205C93D /* [CP] Check Pods Manifest.lock */,
				10C71796262395E8005A5A5B /* Sources */,
				10C71797262395E8005A5A5B /* Frameworks */,
				10C71798262395E8005A5A5B /* Resources */,
				B2CB61E78443A7CCAD0178D3 /* [CP] Embed Pods Frameworks */,
			);
			buildRules = (
			);
			dependencies = (
				10C7179C262395E8005A5A5B /* PBXTargetDependency */,
			);
			name = virtually_safeUITests;
			productName = virtually_safeUITests;
			productReference = 10C7179A262395E8005A5A5B /* virtually_safeUITests.xctest */;
			productType = "com.apple.product-type.bundle.ui-testing";
		};
/* End PBXNativeTarget section */

/* Begin PBXProject section */
		10C71771262395E7005A5A5B /* Project object */ = {
			isa = PBXProject;
			attributes = {
				LastSwiftUpdateCheck = 1240;
				LastUpgradeCheck = 1240;
				TargetAttributes = {
					10C71778262395E7005A5A5B = {
						CreatedOnToolsVersion = 12.4;
					};
					10C7178E262395E8005A5A5B = {
						CreatedOnToolsVersion = 12.4;
						TestTargetID = 10C71778262395E7005A5A5B;
					};
					10C71799262395E8005A5A5B = {
						CreatedOnToolsVersion = 12.4;
						TestTargetID = 10C71778262395E7005A5A5B;
					};
				};
			};
			buildConfigurationList = 10C71774262395E7005A5A5B /* Build configuration list for PBXProject "virtually_safe" */;
			compatibilityVersion = "Xcode 9.3";
			developmentRegion = en;
			hasScannedForEncodings = 0;
			knownRegions = (
				en,
				Base,
			);
			mainGroup = 10C71770262395E7005A5A5B;
			productRefGroup = 10C7177A262395E7005A5A5B /* Products */;
			projectDirPath = "";
			projectRoot = "";
			targets = (
				10C71778262395E7005A5A5B /* virtually_safe */,
				10C7178E262395E8005A5A5B /* virtually_safeTests */,
				10C71799262395E8005A5A5B /* virtually_safeUITests */,
			);
		};
/* End PBXProject section */

/* Begin PBXResourcesBuildPhase section */
		10C71777262395E7005A5A5B /* Resources */ = {
			isa = PBXResourcesBuildPhase;
			buildActionMask = 2147483647;
			files = (
				10C71789262395E8005A5A5B /* LaunchScreen.storyboard in Resources */,
				10C71786262395E8005A5A5B /* Preview Assets.xcassets in Resources */,
				10C71783262395E8005A5A5B /* Assets.xcassets in Resources */,
			);
			runOnlyForDeploymentPostprocessing = 0;
		};
		10C7178D262395E8005A5A5B /* Resources */ = {
			isa = PBXResourcesBuildPhase;
			buildActionMask = 2147483647;
			files = (
			);
			runOnlyForDeploymentPostprocessing = 0;
		};
		10C71798262395E8005A5A5B /* Resources */ = {
			isa = PBXResourcesBuildPhase;
			buildActionMask = 2147483647;
			files = (
			);
			runOnlyForDeploymentPostprocessing = 0;
		};
/* End PBXResourcesBuildPhase section */

/* Begin PBXShellScriptBuildPhase section */
		0CD1D14F1CA1D7AEEDF0E442 /* [CP] Embed Pods Frameworks */ = {
			isa = PBXShellScriptBuildPhase;
			buildActionMask = 2147483647;
			files = (
			);
			inputFileListPaths = (
				"${PODS_ROOT}/Target Support Files/Pods-virtually_safe/Pods-virtually_safe-frameworks-${CONFIGURATION}-input-files.xcfilelist",
			);
			name = "[CP] Embed Pods Frameworks";
			outputFileListPaths = (
				"${PODS_ROOT}/Target Support Files/Pods-virtually_safe/Pods-virtually_safe-frameworks-${CONFIGURATION}-output-files.xcfilelist",
			);
			runOnlyForDeploymentPostprocessing = 0;
			shellPath = /bin/sh;
			shellScript = "\"${PODS_ROOT}/Target Support Files/Pods-virtually_safe/Pods-virtually_safe-frameworks.sh\"\n";
			showEnvVarsInLog = 0;
		};
		53C2011D5B2CFDE687FDA3C0 /* [CP] Check Pods Manifest.lock */ = {
			isa = PBXShellScriptBuildPhase;
			buildActionMask = 2147483647;
			files = (
			);
			inputFileListPaths = (
			);
			inputPaths = (
				"${PODS_PODFILE_DIR_PATH}/Podfile.lock",
				"${PODS_ROOT}/Manifest.lock",
			);
			name = "[CP] Check Pods Manifest.lock";
			outputFileListPaths = (
			);
			outputPaths = (
				"$(DERIVED_FILE_DIR)/Pods-virtually_safe-checkManifestLockResult.txt",
			);
			runOnlyForDeploymentPostprocessing = 0;
			shellPath = /bin/sh;
			shellScript = "diff \"${PODS_PODFILE_DIR_PATH}/Podfile.lock\" \"${PODS_ROOT}/Manifest.lock\" > /dev/null\nif [ $? != 0 ] ; then\n    # print error to STDERR\n    echo \"error: The sandbox is not in sync with the Podfile.lock. Run 'pod install' or update your CocoaPods installation.\" >&2\n    exit 1\nfi\n# This output is used by Xcode 'outputs' to avoid re-running this script phase.\necho \"SUCCESS\" > \"${SCRIPT_OUTPUT_FILE_0}\"\n";
			showEnvVarsInLog = 0;
		};
		B0755D7B8151B3AE4EDD34E4 /* [CP] Check Pods Manifest.lock */ = {
			isa = PBXShellScriptBuildPhase;
			buildActionMask = 2147483647;
			files = (
			);
			inputFileListPaths = (
			);
			inputPaths = (
				"${PODS_PODFILE_DIR_PATH}/Podfile.lock",
				"${PODS_ROOT}/Manifest.lock",
			);
			name = "[CP] Check Pods Manifest.lock";
			outputFileListPaths = (
			);
			outputPaths = (
				"$(DERIVED_FILE_DIR)/Pods-virtually_safeTests-checkManifestLockResult.txt",
			);
			runOnlyForDeploymentPostprocessing = 0;
			shellPath = /bin/sh;
			shellScript = "diff \"${PODS_PODFILE_DIR_PATH}/Podfile.lock\" \"${PODS_ROOT}/Manifest.lock\" > /dev/null\nif [ $? != 0 ] ; then\n    # print error to STDERR\n    echo \"error: The sandbox is not in sync with the Podfile.lock. Run 'pod install' or update your CocoaPods installation.\" >&2\n    exit 1\nfi\n# This output is used by Xcode 'outputs' to avoid re-running this script phase.\necho \"SUCCESS\" > \"${SCRIPT_OUTPUT_FILE_0}\"\n";
			showEnvVarsInLog = 0;
		};
		B2CB61E78443A7CCAD0178D3 /* [CP] Embed Pods Frameworks */ = {
			isa = PBXShellScriptBuildPhase;
			buildActionMask = 2147483647;
			files = (
			);
			inputFileListPaths = (
				"${PODS_ROOT}/Target Support Files/Pods-virtually_safe-virtually_safeUITests/Pods-virtually_safe-virtually_safeUITests-frameworks-${CONFIGURATION}-input-files.xcfilelist",
			);
			name = "[CP] Embed Pods Frameworks";
			outputFileListPaths = (
				"${PODS_ROOT}/Target Support Files/Pods-virtually_safe-virtually_safeUITests/Pods-virtually_safe-virtually_safeUITests-frameworks-${CONFIGURATION}-output-files.xcfilelist",
			);
			runOnlyForDeploymentPostprocessing = 0;
			shellPath = /bin/sh;
			shellScript = "\"${PODS_ROOT}/Target Support Files/Pods-virtually_safe-virtually_safeUITests/Pods-virtually_safe-virtually_safeUITests-frameworks.sh\"\n";
			showEnvVarsInLog = 0;
		};
		F26F88223A60A1F30205C93D /* [CP] Check Pods Manifest.lock */ = {
			isa = PBXShellScriptBuildPhase;
			buildActionMask = 2147483647;
			files = (
			);
			inputFileListPaths = (
			);
			inputPaths = (
				"${PODS_PODFILE_DIR_PATH}/Podfile.lock",
				"${PODS_ROOT}/Manifest.lock",
			);
			name = "[CP] Check Pods Manifest.lock";
			outputFileListPaths = (
			);
			outputPaths = (
				"$(DERIVED_FILE_DIR)/Pods-virtually_safe-virtually_safeUITests-checkManifestLockResult.txt",
			);
			runOnlyForDeploymentPostprocessing = 0;
			shellPath = /bin/sh;
			shellScript = "diff \"${PODS_PODFILE_DIR_PATH}/Podfile.lock\" \"${PODS_ROOT}/Manifest.lock\" > /dev/null\nif [ $? != 0 ] ; then\n    # print error to STDERR\n    echo \"error: The sandbox is not in sync with the Podfile.lock. Run 'pod install' or update your CocoaPods installation.\" >&2\n    exit 1\nfi\n# This output is used by Xcode 'outputs' to avoid re-running this script phase.\necho \"SUCCESS\" > \"${SCRIPT_OUTPUT_FILE_0}\"\n";
			showEnvVarsInLog = 0;
		};
/* End PBXShellScriptBuildPhase section */

/* Begin PBXSourcesBuildPhase section */
		10C71775262395E7005A5A5B /* Sources */ = {
			isa = PBXSourcesBuildPhase;
			buildActionMask = 2147483647;
			files = (
				10C7177D262395E7005A5A5B /* AppDelegate.swift in Sources */,
				10C7177F262395E7005A5A5B /* SceneDelegate.swift in Sources */,
				10C71781262395E7005A5A5B /* ContentView.swift in Sources */,
			);
			runOnlyForDeploymentPostprocessing = 0;
		};
		10C7178B262395E8005A5A5B /* Sources */ = {
			isa = PBXSourcesBuildPhase;
			buildActionMask = 2147483647;
			files = (
				10C71794262395E8005A5A5B /* virtually_safeTests.swift in Sources */,
			);
			runOnlyForDeploymentPostprocessing = 0;
		};
		10C71796262395E8005A5A5B /* Sources */ = {
			isa = PBXSourcesBuildPhase;
			buildActionMask = 2147483647;
			files = (
				10C7179F262395E8005A5A5B /* virtually_safeUITests.swift in Sources */,
			);
			runOnlyForDeploymentPostprocessing = 0;
		};
/* End PBXSourcesBuildPhase section */

/* Begin PBXTargetDependency section */
		10C71791262395E8005A5A5B /* PBXTargetDependency */ = {
			isa = PBXTargetDependency;
			target = 10C71778262395E7005A5A5B /* virtually_safe */;
			targetProxy = 10C71790262395E8005A5A5B /* PBXContainerItemProxy */;
		};
		10C7179C262395E8005A5A5B /* PBXTargetDependency */ = {
			isa = PBXTargetDependency;
			target = 10C71778262395E7005A5A5B /* virtually_safe */;
			targetProxy = 10C7179B262395E8005A5A5B /* PBXContainerItemProxy */;
		};
/* End PBXTargetDependency section */

/* Begin PBXVariantGroup section */
		10C71787262395E8005A5A5B /* LaunchScreen.storyboard */ = {
			isa = PBXVariantGroup;
			children = (
				10C71788262395E8005A5A5B /* Base */,
			);
			name = LaunchScreen.storyboard;
			sourceTree = "<group>";
		};
/* End PBXVariantGroup section */

/* Begin XCBuildConfiguration section */
		10C717A1262395E8005A5A5B /* Debug */ = {
			isa = XCBuildConfiguration;
			buildSettings = {
				ALWAYS_SEARCH_USER_PATHS = NO;
				CLANG_ANALYZER_NONNULL = YES;
				CLANG_ANALYZER_NUMBER_OBJECT_CONVERSION = YES_AGGRESSIVE;
				CLANG_CXX_LANGUAGE_STANDARD = "gnu++14";
				CLANG_CXX_LIBRARY = "libc++";
				CLANG_ENABLE_MODULES = YES;
				CLANG_ENABLE_OBJC_ARC = YES;
				CLANG_ENABLE_OBJC_WEAK = YES;
				CLANG_WARN_BLOCK_CAPTURE_AUTORELEASING = YES;
				CLANG_WARN_BOOL_CONVERSION = YES;
				CLANG_WARN_COMMA = YES;
				CLANG_WARN_CONSTANT_CONVERSION = YES;
				CLANG_WARN_DEPRECATED_OBJC_IMPLEMENTATIONS = YES;
				CLANG_WARN_DIRECT_OBJC_ISA_USAGE = YES_ERROR;
				CLANG_WARN_DOCUMENTATION_COMMENTS = YES;
				CLANG_WARN_EMPTY_BODY = YES;
				CLANG_WARN_ENUM_CONVERSION = YES;
				CLANG_WARN_INFINITE_RECURSION = YES;
				CLANG_WARN_INT_CONVERSION = YES;
				CLANG_WARN_NON_LITERAL_NULL_CONVERSION = YES;
				CLANG_WARN_OBJC_IMPLICIT_RETAIN_SELF = YES;
				CLANG_WARN_OBJC_LITERAL_CONVERSION = YES;
				CLANG_WARN_OBJC_ROOT_CLASS = YES_ERROR;
				CLANG_WARN_QUOTED_INCLUDE_IN_FRAMEWORK_HEADER = YES;
				CLANG_WARN_RANGE_LOOP_ANALYSIS = YES;
				CLANG_WARN_STRICT_PROTOTYPES = YES;
				CLANG_WARN_SUSPICIOUS_MOVE = YES;
				CLANG_WARN_UNGUARDED_AVAILABILITY = YES_AGGRESSIVE;
				CLANG_WARN_UNREACHABLE_CODE = YES;
				CLANG_WARN__DUPLICATE_METHOD_MATCH = YES;
				COPY_PHASE_STRIP = NO;
				DEBUG_INFORMATION_FORMAT = dwarf;
				ENABLE_STRICT_OBJC_MSGSEND = YES;
				ENABLE_TESTABILITY = YES;
				GCC_C_LANGUAGE_STANDARD = gnu11;
				GCC_DYNAMIC_NO_PIC = NO;
				GCC_NO_COMMON_BLOCKS = YES;
				GCC_OPTIMIZATION_LEVEL = 0;
				GCC_PREPROCESSOR_DEFINITIONS = (
					"DEBUG=1",
					"$(inherited)",
				);
				GCC_WARN_64_TO_32_BIT_CONVERSION = YES;
				GCC_WARN_ABOUT_RETURN_TYPE = YES_ERROR;
				GCC_WARN_UNDECLARED_SELECTOR = YES;
				GCC_WARN_UNINITIALIZED_AUTOS = YES_AGGRESSIVE;
				GCC_WARN_UNUSED_FUNCTION = YES;
				GCC_WARN_UNUSED_VARIABLE = YES;
				IPHONEOS_DEPLOYMENT_TARGET = 14.4;
				MTL_ENABLE_DEBUG_INFO = INCLUDE_SOURCE;
				MTL_FAST_MATH = YES;
				ONLY_ACTIVE_ARCH = YES;
				SDKROOT = iphoneos;
				SWIFT_ACTIVE_COMPILATION_CONDITIONS = DEBUG;
				SWIFT_OPTIMIZATION_LEVEL = "-Onone";
			};
			name = Debug;
		};
		10C717A2262395E8005A5A5B /* Release */ = {
			isa = XCBuildConfiguration;
			buildSettings = {
				ALWAYS_SEARCH_USER_PATHS = NO;
				CLANG_ANALYZER_NONNULL = YES;
				CLANG_ANALYZER_NUMBER_OBJECT_CONVERSION = YES_AGGRESSIVE;
				CLANG_CXX_LANGUAGE_STANDARD = "gnu++14";
				CLANG_CXX_LIBRARY = "libc++";
				CLANG_ENABLE_MODULES = YES;
				CLANG_ENABLE_OBJC_ARC = YES;
				CLANG_ENABLE_OBJC_WEAK = YES;
				CLANG_WARN_BLOCK_CAPTURE_AUTORELEASING = YES;
				CLANG_WARN_BOOL_CONVERSION = YES;
				CLANG_WARN_COMMA = YES;
				CLANG_WARN_CONSTANT_CONVERSION = YES;
				CLANG_WARN_DEPRECATED_OBJC_IMPLEMENTATIONS = YES;
				CLANG_WARN_DIRECT_OBJC_ISA_USAGE = YES_ERROR;
				CLANG_WARN_DOCUMENTATION_COMMENTS = YES;
				CLANG_WARN_EMPTY_BODY = YES;
				CLANG_WARN_ENUM_CONVERSION = YES;
				CLANG_WARN_INFINITE_RECURSION = YES;
				CLANG_WARN_INT_CONVERSION = YES;
				CLANG_WARN_NON_LITERAL_NULL_CONVERSION = YES;
				CLANG_WARN_OBJC_IMPLICIT_RETAIN_SELF = YES;
				CLANG_WARN_OBJC_LITERAL_CONVERSION = YES;
				CLANG_WARN_OBJC_ROOT_CLASS = YES_ERROR;
				CLANG_WARN_QUOTED_INCLUDE_IN_FRAMEWORK_HEADER = YES;
				CLANG_WARN_RANGE_LOOP_ANALYSIS = YES;
				CLANG_WARN_STRICT_PROTOTYPES = YES;
				CLANG_WARN_SUSPICIOUS_MOVE = YES;
				CLANG_WARN_UNGUARDED_AVAILABILITY = YES_AGGRESSIVE;
				CLANG_WARN_UNREACHABLE_CODE = YES;
				CLANG_WARN__DUPLICATE_METHOD_MATCH = YES;
				COPY_PHASE_STRIP = NO;
				DEBUG_INFORMATION_FORMAT = "dwarf-with-dsym";
				ENABLE_NS_ASSERTIONS = NO;
				ENABLE_STRICT_OBJC_MSGSEND = YES;
				GCC_C_LANGUAGE_STANDARD = gnu11;
				GCC_NO_COMMON_BLOCKS = YES;
				GCC_WARN_64_TO_32_BIT_CONVERSION = YES;
				GCC_WARN_ABOUT_RETURN_TYPE = YES_ERROR;
				GCC_WARN_UNDECLARED_SELECTOR = YES;
				GCC_WARN_UNINITIALIZED_AUTOS = YES_AGGRESSIVE;
				GCC_WARN_UNUSED_FUNCTION = YES;
				GCC_WARN_UNUSED_VARIABLE = YES;
				IPHONEOS_DEPLOYMENT_TARGET = 14.4;
				MTL_ENABLE_DEBUG_INFO = NO;
				MTL_FAST_MATH = YES;
				SDKROOT = iphoneos;
				SWIFT_COMPILATION_MODE = wholemodule;
				SWIFT_OPTIMIZATION_LEVEL = "-O";
				VALIDATE_PRODUCT = YES;
			};
			name = Release;
		};
		10C717A4262395E8005A5A5B /* Debug */ = {
			isa = XCBuildConfiguration;
			baseConfigurationReference = F146DE2BE8D69B5BABC313BB /* Pods-virtually_safe.debug.xcconfig */;
			buildSettings = {
				ASSETCATALOG_COMPILER_APPICON_NAME = AppIcon;
				ASSETCATALOG_COMPILER_GLOBAL_ACCENT_COLOR_NAME = AccentColor;
				CODE_SIGN_STYLE = Automatic;
				DEVELOPMENT_ASSET_PATHS = "\"virtually_safe/Preview Content\"";
				ENABLE_PREVIEWS = YES;
				INFOPLIST_FILE = virtually_safe/Info.plist;
				LD_RUNPATH_SEARCH_PATHS = (
					"$(inherited)",
					"@executable_path/Frameworks",
				);
				PRODUCT_BUNDLE_IDENTIFIER = "CIS-651.virtually-safe";
				PRODUCT_NAME = "$(TARGET_NAME)";
				SWIFT_VERSION = 5.0;
				TARGETED_DEVICE_FAMILY = "1,2";
			};
			name = Debug;
		};
		10C717A5262395E8005A5A5B /* Release */ = {
			isa = XCBuildConfiguration;
			baseConfigurationReference = 570B1F8FD8B988F513503183 /* Pods-virtually_safe.release.xcconfig */;
			buildSettings = {
				ASSETCATALOG_COMPILER_APPICON_NAME = AppIcon;
				ASSETCATALOG_COMPILER_GLOBAL_ACCENT_COLOR_NAME = AccentColor;
				CODE_SIGN_STYLE = Automatic;
				DEVELOPMENT_ASSET_PATHS = "\"virtually_safe/Preview Content\"";
				ENABLE_PREVIEWS = YES;
				INFOPLIST_FILE = virtually_safe/Info.plist;
				LD_RUNPATH_SEARCH_PATHS = (
					"$(inherited)",
					"@executable_path/Frameworks",
				);
				PRODUCT_BUNDLE_IDENTIFIER = "CIS-651.virtually-safe";
				PRODUCT_NAME = "$(TARGET_NAME)";
				SWIFT_VERSION = 5.0;
				TARGETED_DEVICE_FAMILY = "1,2";
			};
			name = Release;
		};
		10C717A7262395E8005A5A5B /* Debug */ = {
			isa = XCBuildConfiguration;
			baseConfigurationReference = 7858BF816DEEA6A4FA50AB12 /* Pods-virtually_safeTests.debug.xcconfig */;
			buildSettings = {
				ALWAYS_EMBED_SWIFT_STANDARD_LIBRARIES = YES;
				BUNDLE_LOADER = "$(TEST_HOST)";
				CODE_SIGN_STYLE = Automatic;
				INFOPLIST_FILE = virtually_safeTests/Info.plist;
				IPHONEOS_DEPLOYMENT_TARGET = 14.4;
				LD_RUNPATH_SEARCH_PATHS = (
					"$(inherited)",
					"@executable_path/Frameworks",
					"@loader_path/Frameworks",
				);
				PRODUCT_BUNDLE_IDENTIFIER = "CIS-651.virtually-safeTests";
				PRODUCT_NAME = "$(TARGET_NAME)";
				SWIFT_VERSION = 5.0;
				TARGETED_DEVICE_FAMILY = "1,2";
				TEST_HOST = "$(BUILT_PRODUCTS_DIR)/virtually_safe.app/virtually_safe";
			};
			name = Debug;
		};
		10C717A8262395E8005A5A5B /* Release */ = {
			isa = XCBuildConfiguration;
			baseConfigurationReference = 20428B7A012BF48038A6D2C0 /* Pods-virtually_safeTests.release.xcconfig */;
			buildSettings = {
				ALWAYS_EMBED_SWIFT_STANDARD_LIBRARIES = YES;
				BUNDLE_LOADER = "$(TEST_HOST)";
				CODE_SIGN_STYLE = Automatic;
				INFOPLIST_FILE = virtually_safeTests/Info.plist;
				IPHONEOS_DEPLOYMENT_TARGET = 14.4;
				LD_RUNPATH_SEARCH_PATHS = (
					"$(inherited)",
					"@executable_path/Frameworks",
					"@loader_path/Frameworks",
				);
				PRODUCT_BUNDLE_IDENTIFIER = "CIS-651.virtually-safeTests";
				PRODUCT_NAME = "$(TARGET_NAME)";
				SWIFT_VERSION = 5.0;
				TARGETED_DEVICE_FAMILY = "1,2";
				TEST_HOST = "$(BUILT_PRODUCTS_DIR)/virtually_safe.app/virtually_safe";
			};
			name = Release;
		};
		10C717AA262395E8005A5A5B /* Debug */ = {
			isa = XCBuildConfiguration;
			baseConfigurationReference = 69781214AD298095D4027CC0 /* Pods-virtually_safe-virtually_safeUITests.debug.xcconfig */;
			buildSettings = {
				ALWAYS_EMBED_SWIFT_STANDARD_LIBRARIES = YES;
				CODE_SIGN_STYLE = Automatic;
				INFOPLIST_FILE = virtually_safeUITests/Info.plist;
				LD_RUNPATH_SEARCH_PATHS = (
					"$(inherited)",
					"@executable_path/Frameworks",
					"@loader_path/Frameworks",
				);
				PRODUCT_BUNDLE_IDENTIFIER = "CIS-651.virtually-safeUITests";
				PRODUCT_NAME = "$(TARGET_NAME)";
				SWIFT_VERSION = 5.0;
				TARGETED_DEVICE_FAMILY = "1,2";
				TEST_TARGET_NAME = virtually_safe;
			};
			name = Debug;
		};
		10C717AB262395E8005A5A5B /* Release */ = {
			isa = XCBuildConfiguration;
			baseConfigurationReference = ADEE92F08D32D8D578043133 /* Pods-virtually_safe-virtually_safeUITests.release.xcconfig */;
			buildSettings = {
				ALWAYS_EMBED_SWIFT_STANDARD_LIBRARIES = YES;
				CODE_SIGN_STYLE = Automatic;
				INFOPLIST_FILE = virtually_safeUITests/Info.plist;
				LD_RUNPATH_SEARCH_PATHS = (
					"$(inherited)",
					"@executable_path/Frameworks",
					"@loader_path/Frameworks",
				);
				PRODUCT_BUNDLE_IDENTIFIER = "CIS-651.virtually-safeUITests";
				PRODUCT_NAME = "$(TARGET_NAME)";
				SWIFT_VERSION = 5.0;
				TARGETED_DEVICE_FAMILY = "1,2";
				TEST_TARGET_NAME = virtually_safe;
			};
			name = Release;
		};
/* End XCBuildConfiguration section */

/* Begin XCConfigurationList section */
		10C71774262395E7005A5A5B /* Build configuration list for PBXProject "virtually_safe" */ = {
			isa = XCConfigurationList;
			buildConfigurations = (
				10C717A1262395E8005A5A5B /* Debug */,
				10C717A2262395E8005A5A5B /* Release */,
			);
			defaultConfigurationIsVisible = 0;
			defaultConfigurationName = Release;
		};
		10C717A3262395E8005A5A5B /* Build configuration list for PBXNativeTarget "virtually_safe" */ = {
			isa = XCConfigurationList;
			buildConfigurations = (
				10C717A4262395E8005A5A5B /* Debug */,
				10C717A5262395E8005A5A5B /* Release */,
			);
			defaultConfigurationIsVisible = 0;
			defaultConfigurationName = Release;
		};
		10C717A6262395E8005A5A5B /* Build configuration list for PBXNativeTarget "virtually_safeTests" */ = {
			isa = XCConfigurationList;
			buildConfigurations = (
				10C717A7262395E8005A5A5B /* Debug */,
				10C717A8262395E8005A5A5B /* Release */,
			);
			defaultConfigurationIsVisible = 0;
			defaultConfigurationName = Release;
		};
		10C717A9262395E8005A5A5B /* Build configuration list for PBXNativeTarget "virtually_safeUITests" */ = {
			isa = XCConfigurationList;
			buildConfigurations = (
				10C717AA262395E8005A5A5B /* Debug */,
				10C717AB262395E8005A5A5B /* Release */,
			);
			defaultConfigurationIsVisible = 0;
			defaultConfigurationName = Release;
		};
/* End XCConfigurationList section */
	};
	rootObject = 10C71771262395E7005A5A5B /* Project object */;
}
